
Microsoft Visual Studio Solution File, Format Version 12.00
# Visual Studio Version 17
VisualStudioVersion = 17.14.36414.22
MinimumVisualStudioVersion = 10.0.40219.1
Project("{FAE04EC0-301F-11D3-BF4B-00C04F79EFBC}") = "ALODAN", "ALODAN.csproj", "{DC17E9EC-A438-4957-B36F-86B59CB263CD}"
EndProject
Global
	GlobalSection(SolutionConfigurationPlatforms) = preSolution
		Debug|Any CPU = Debug|Any CPU
		Release|Any CPU = Release|Any CPU
	EndGlobalSection
	GlobalSection(ProjectConfigurationPlatforms) = postSolution
		{DC17E9EC-A438-4957-B36F-86B59CB263CD}.Debug|Any CPU.ActiveCfg = Debug|Any CPU
		{DC17E9EC-A438-4957-B36F-86B59CB263CD}.Debug|Any CPU.Build.0 = Debug|Any CPU
		{DC17E9EC-A438-4957-B36F-86B59CB263CD}.Release|Any CPU.ActiveCfg = Release|Any CPU
		{DC17E9EC-A438-4957-B36F-86B59CB263CD}.Release|Any CPU.Build.0 = Release|Any CPU
	EndGlobalSection
	GlobalSection(SolutionProperties) = preSolution
		HideSolutionNode = FALSE
	EndGlobalSection
	GlobalSection(ExtensibilityGlobals) = postSolution
		SolutionGuid = {8461B3F0-1832-492A-BC5D-F487A70BB03F}
	EndGlobalSection
EndGlobal
